
Microsoft Visual Studio Solution File, Format Version 12.00
# Visual Studio Version 16
VisualStudioVersion = 16.0.31321.278
MinimumVisualStudioVersion = 10.0.40219.1
Project("{888888A0-9F3D-457C-B088-3A5042F75D52}") = "coronasujung", "coronasujung\coronasujung.pyproj", "{3A8F2894-317A-43C6-B0C1-B64A461C2E39}"
EndProject
Global
	GlobalSection(SolutionConfigurationPlatforms) = preSolution
		Debug|Any CPU = Debug|Any CPU
		Release|Any CPU = Release|Any CPU
	EndGlobalSection
	GlobalSection(ProjectConfigurationPlatforms) = postSolution
		{3A8F2894-317A-43C6-B0C1-B64A461C2E39}.Debug|Any CPU.ActiveCfg = Debug|Any CPU
		{3A8F2894-317A-43C6-B0C1-B64A461C2E39}.Release|Any CPU.ActiveCfg = Release|Any CPU
	EndGlobalSection
	GlobalSection(SolutionProperties) = preSolution
		HideSolutionNode = FALSE
	EndGlobalSection
	GlobalSection(ExtensibilityGlobals) = postSolution
		SolutionGuid = {820C267F-A681-45FB-AA09-729AE3D07DEC}
	EndGlobalSection
EndGlobal
